// !$*UTF8*$!
{
	archiveVersion = 1;
	classes = {
	};
	objectVersion = 50;
	objects = {

/* Begin PBXBuildFile section */
		2576D0D8190F4328A00AE2A4 /* Pods_ImdbDemoTests.framework in Frameworks */ = {isa = PBXBuildFile; fileRef = 6F3AEF21E8F2FC0C066F53FF /* Pods_ImdbDemoTests.framework */; };
		4D89B47ECFCF541B8CB68851 /* Pods_ImdbDemoUITests.framework in Frameworks */ = {isa = PBXBuildFile; fileRef = 7DB89BF89E7FBC7AA1F77FE3 /* Pods_ImdbDemoUITests.framework */; };
		E4DB5410BCB605A63AEE269F /* Pods_ImdbDemo.framework in Frameworks */ = {isa = PBXBuildFile; fileRef = D1B8E262ACBE309C8FA4917E /* Pods_ImdbDemo.framework */; };
		FD22EFB7226E211E001BE27D /* AppCoordinator.swift in Sources */ = {isa = PBXBuildFile; fileRef = FD22EFB6226E211E001BE27D /* AppCoordinator.swift */; };
		FD22EFC0226E22EF001BE27D /* FilterViewController.swift in Sources */ = {isa = PBXBuildFile; fileRef = FD22EFBE226E22EF001BE27D /* FilterViewController.swift */; };
		FD22EFC1226E22EF001BE27D /* FilterViewController.xib in Resources */ = {isa = PBXBuildFile; fileRef = FD22EFBF226E22EF001BE27D /* FilterViewController.xib */; };
		FD22EFC5226E2331001BE27D /* MoviesViewController.swift in Sources */ = {isa = PBXBuildFile; fileRef = FD22EFC3226E2331001BE27D /* MoviesViewController.swift */; };
		FD22EFC6226E2331001BE27D /* MoviesViewController.xib in Resources */ = {isa = PBXBuildFile; fileRef = FD22EFC4226E2331001BE27D /* MoviesViewController.xib */; };
		FD22EFC9226E2857001BE27D /* ImdbAPI.swift in Sources */ = {isa = PBXBuildFile; fileRef = FD22EFC8226E2857001BE27D /* ImdbAPI.swift */; };
		FD8BF852226E1A4E00EA12D9 /* AppDelegate.swift in Sources */ = {isa = PBXBuildFile; fileRef = FD8BF851226E1A4E00EA12D9 /* AppDelegate.swift */; };
		FD8BF859226E1A5000EA12D9 /* Assets.xcassets in Resources */ = {isa = PBXBuildFile; fileRef = FD8BF858226E1A5000EA12D9 /* Assets.xcassets */; };
		FD8BF85C226E1A5000EA12D9 /* LaunchScreen.storyboard in Resources */ = {isa = PBXBuildFile; fileRef = FD8BF85A226E1A5000EA12D9 /* LaunchScreen.storyboard */; };
		FD8BF867226E1A5000EA12D9 /* ImdbDemoTests.swift in Sources */ = {isa = PBXBuildFile; fileRef = FD8BF866226E1A5000EA12D9 /* ImdbDemoTests.swift */; };
		FD8BF872226E1A5000EA12D9 /* ImdbDemoUITests.swift in Sources */ = {isa = PBXBuildFile; fileRef = FD8BF871226E1A5000EA12D9 /* ImdbDemoUITests.swift */; };
/* End PBXBuildFile section */

/* Begin PBXContainerItemProxy section */
		FD8BF863226E1A5000EA12D9 /* PBXContainerItemProxy */ = {
			isa = PBXContainerItemProxy;
			containerPortal = FD8BF846226E1A4E00EA12D9 /* Project object */;
			proxyType = 1;
			remoteGlobalIDString = FD8BF84D226E1A4E00EA12D9;
			remoteInfo = ImdbDemo;
		};
		FD8BF86E226E1A5000EA12D9 /* PBXContainerItemProxy */ = {
			isa = PBXContainerItemProxy;
			containerPortal = FD8BF846226E1A4E00EA12D9 /* Project object */;
			proxyType = 1;
			remoteGlobalIDString = FD8BF84D226E1A4E00EA12D9;
			remoteInfo = ImdbDemo;
		};
/* End PBXContainerItemProxy section */

/* Begin PBXFileReference section */
		4D6C02BF9864D377CD2E32A0 /* Pods-ImdbDemo.debug.xcconfig */ = {isa = PBXFileReference; includeInIndex = 1; lastKnownFileType = text.xcconfig; name = "Pods-ImdbDemo.debug.xcconfig"; path = "Pods/Target Support Files/Pods-ImdbDemo/Pods-ImdbDemo.debug.xcconfig"; sourceTree = "<group>"; };
		603328D152DDD709532C5F32 /* Pods-ImdbDemo.release.xcconfig */ = {isa = PBXFileReference; includeInIndex = 1; lastKnownFileType = text.xcconfig; name = "Pods-ImdbDemo.release.xcconfig"; path = "Pods/Target Support Files/Pods-ImdbDemo/Pods-ImdbDemo.release.xcconfig"; sourceTree = "<group>"; };
		6F3AEF21E8F2FC0C066F53FF /* Pods_ImdbDemoTests.framework */ = {isa = PBXFileReference; explicitFileType = wrapper.framework; includeInIndex = 0; path = Pods_ImdbDemoTests.framework; sourceTree = BUILT_PRODUCTS_DIR; };
		7DB89BF89E7FBC7AA1F77FE3 /* Pods_ImdbDemoUITests.framework */ = {isa = PBXFileReference; explicitFileType = wrapper.framework; includeInIndex = 0; path = Pods_ImdbDemoUITests.framework; sourceTree = BUILT_PRODUCTS_DIR; };
		8C9C6F03844144C47CE794C8 /* Pods-ImdbDemoUITests.debug.xcconfig */ = {isa = PBXFileReference; includeInIndex = 1; lastKnownFileType = text.xcconfig; name = "Pods-ImdbDemoUITests.debug.xcconfig"; path = "Pods/Target Support Files/Pods-ImdbDemoUITests/Pods-ImdbDemoUITests.debug.xcconfig"; sourceTree = "<group>"; };
		9B431CC4F9ED0E674BDDF503 /* Pods-ImdbDemoUITests.release.xcconfig */ = {isa = PBXFileReference; includeInIndex = 1; lastKnownFileType = text.xcconfig; name = "Pods-ImdbDemoUITests.release.xcconfig"; path = "Pods/Target Support Files/Pods-ImdbDemoUITests/Pods-ImdbDemoUITests.release.xcconfig"; sourceTree = "<group>"; };
		C89E9D99D2F0033B1898BA81 /* Pods-ImdbDemoTests.debug.xcconfig */ = {isa = PBXFileReference; includeInIndex = 1; lastKnownFileType = text.xcconfig; name = "Pods-ImdbDemoTests.debug.xcconfig"; path = "Pods/Target Support Files/Pods-ImdbDemoTests/Pods-ImdbDemoTests.debug.xcconfig"; sourceTree = "<group>"; };
		D1B8E262ACBE309C8FA4917E /* Pods_ImdbDemo.framework */ = {isa = PBXFileReference; explicitFileType = wrapper.framework; includeInIndex = 0; path = Pods_ImdbDemo.framework; sourceTree = BUILT_PRODUCTS_DIR; };
		D27FA5E9848D3BB9D4DC1AAA /* Pods-ImdbDemoTests.release.xcconfig */ = {isa = PBXFileReference; includeInIndex = 1; lastKnownFileType = text.xcconfig; name = "Pods-ImdbDemoTests.release.xcconfig"; path = "Pods/Target Support Files/Pods-ImdbDemoTests/Pods-ImdbDemoTests.release.xcconfig"; sourceTree = "<group>"; };
		FD22EFB6226E211E001BE27D /* AppCoordinator.swift */ = {isa = PBXFileReference; lastKnownFileType = sourcecode.swift; path = AppCoordinator.swift; sourceTree = "<group>"; };
		FD22EFBE226E22EF001BE27D /* FilterViewController.swift */ = {isa = PBXFileReference; lastKnownFileType = sourcecode.swift; path = FilterViewController.swift; sourceTree = "<group>"; };
		FD22EFBF226E22EF001BE27D /* FilterViewController.xib */ = {isa = PBXFileReference; lastKnownFileType = file.xib; path = FilterViewController.xib; sourceTree = "<group>"; };
		FD22EFC3226E2331001BE27D /* MoviesViewController.swift */ = {isa = PBXFileReference; lastKnownFileType = sourcecode.swift; path = MoviesViewController.swift; sourceTree = "<group>"; };
		FD22EFC4226E2331001BE27D /* MoviesViewController.xib */ = {isa = PBXFileReference; lastKnownFileType = file.xib; path = MoviesViewController.xib; sourceTree = "<group>"; };
		FD22EFC8226E2857001BE27D /* ImdbAPI.swift */ = {isa = PBXFileReference; lastKnownFileType = sourcecode.swift; path = ImdbAPI.swift; sourceTree = "<group>"; };
		FD8BF84E226E1A4E00EA12D9 /* ImdbDemo.app */ = {isa = PBXFileReference; explicitFileType = wrapper.application; includeInIndex = 0; path = ImdbDemo.app; sourceTree = BUILT_PRODUCTS_DIR; };
		FD8BF851226E1A4E00EA12D9 /* AppDelegate.swift */ = {isa = PBXFileReference; lastKnownFileType = sourcecode.swift; path = AppDelegate.swift; sourceTree = "<group>"; };
		FD8BF858226E1A5000EA12D9 /* Assets.xcassets */ = {isa = PBXFileReference; lastKnownFileType = folder.assetcatalog; path = Assets.xcassets; sourceTree = "<group>"; };
		FD8BF85B226E1A5000EA12D9 /* Base */ = {isa = PBXFileReference; lastKnownFileType = file.storyboard; name = Base; path = Base.lproj/LaunchScreen.storyboard; sourceTree = "<group>"; };
		FD8BF85D226E1A5000EA12D9 /* Info.plist */ = {isa = PBXFileReference; lastKnownFileType = text.plist.xml; path = Info.plist; sourceTree = "<group>"; };
		FD8BF862226E1A5000EA12D9 /* ImdbDemoTests.xctest */ = {isa = PBXFileReference; explicitFileType = wrapper.cfbundle; includeInIndex = 0; path = ImdbDemoTests.xctest; sourceTree = BUILT_PRODUCTS_DIR; };
		FD8BF866226E1A5000EA12D9 /* ImdbDemoTests.swift */ = {isa = PBXFileReference; lastKnownFileType = sourcecode.swift; path = ImdbDemoTests.swift; sourceTree = "<group>"; };
		FD8BF868226E1A5000EA12D9 /* Info.plist */ = {isa = PBXFileReference; lastKnownFileType = text.plist.xml; path = Info.plist; sourceTree = "<group>"; };
		FD8BF86D226E1A5000EA12D9 /* ImdbDemoUITests.xctest */ = {isa = PBXFileReference; explicitFileType = wrapper.cfbundle; includeInIndex = 0; path = ImdbDemoUITests.xctest; sourceTree = BUILT_PRODUCTS_DIR; };
		FD8BF871226E1A5000EA12D9 /* ImdbDemoUITests.swift */ = {isa = PBXFileReference; lastKnownFileType = sourcecode.swift; path = ImdbDemoUITests.swift; sourceTree = "<group>"; };
		FD8BF873226E1A5000EA12D9 /* Info.plist */ = {isa = PBXFileReference; lastKnownFileType = text.plist.xml; path = Info.plist; sourceTree = "<group>"; };
/* End PBXFileReference section */

/* Begin PBXFrameworksBuildPhase section */
		FD8BF84B226E1A4E00EA12D9 /* Frameworks */ = {
			isa = PBXFrameworksBuildPhase;
			buildActionMask = 2147483647;
			files = (
				E4DB5410BCB605A63AEE269F /* Pods_ImdbDemo.framework in Frameworks */,
			);
			runOnlyForDeploymentPostprocessing = 0;
		};
		FD8BF85F226E1A5000EA12D9 /* Frameworks */ = {
			isa = PBXFrameworksBuildPhase;
			buildActionMask = 2147483647;
			files = (
				2576D0D8190F4328A00AE2A4 /* Pods_ImdbDemoTests.framework in Frameworks */,
			);
			runOnlyForDeploymentPostprocessing = 0;
		};
		FD8BF86A226E1A5000EA12D9 /* Frameworks */ = {
			isa = PBXFrameworksBuildPhase;
			buildActionMask = 2147483647;
			files = (
				4D89B47ECFCF541B8CB68851 /* Pods_ImdbDemoUITests.framework in Frameworks */,
			);
			runOnlyForDeploymentPostprocessing = 0;
		};
/* End PBXFrameworksBuildPhase section */

/* Begin PBXGroup section */
		5D4FA671FC7914A49A202EAF /* Pods */ = {
			isa = PBXGroup;
			children = (
				4D6C02BF9864D377CD2E32A0 /* Pods-ImdbDemo.debug.xcconfig */,
				603328D152DDD709532C5F32 /* Pods-ImdbDemo.release.xcconfig */,
				C89E9D99D2F0033B1898BA81 /* Pods-ImdbDemoTests.debug.xcconfig */,
				D27FA5E9848D3BB9D4DC1AAA /* Pods-ImdbDemoTests.release.xcconfig */,
				8C9C6F03844144C47CE794C8 /* Pods-ImdbDemoUITests.debug.xcconfig */,
				9B431CC4F9ED0E674BDDF503 /* Pods-ImdbDemoUITests.release.xcconfig */,
			);
			name = Pods;
			sourceTree = "<group>";
		};
		C03E1B887E1403A0FF9311C5 /* Frameworks */ = {
			isa = PBXGroup;
			children = (
				D1B8E262ACBE309C8FA4917E /* Pods_ImdbDemo.framework */,
				6F3AEF21E8F2FC0C066F53FF /* Pods_ImdbDemoTests.framework */,
				7DB89BF89E7FBC7AA1F77FE3 /* Pods_ImdbDemoUITests.framework */,
			);
			name = Frameworks;
			sourceTree = "<group>";
		};
		FD22EFB5226E2112001BE27D /* Coordinators */ = {
			isa = PBXGroup;
			children = (
				FD22EFB6226E211E001BE27D /* AppCoordinator.swift */,
			);
			path = Coordinators;
			sourceTree = "<group>";
		};
		FD22EFB8226E2192001BE27D /* Models */ = {
			isa = PBXGroup;
			children = (
			);
			path = Models;
			sourceTree = "<group>";
		};
		FD22EFB9226E2197001BE27D /* Extensions */ = {
			isa = PBXGroup;
			children = (
			);
			name = Extensions;
			path = "New Group";
			sourceTree = "<group>";
		};
		FD22EFBA226E21AC001BE27D /* Views */ = {
			isa = PBXGroup;
			children = (
			);
			path = Views;
			sourceTree = "<group>";
		};
		FD22EFBB226E21B9001BE27D /* Scenes */ = {
			isa = PBXGroup;
			children = (
				FD22EFBD226E22D3001BE27D /* Filter */,
				FD22EFC2226E2316001BE27D /* Movies */,
			);
			path = Scenes;
			sourceTree = "<group>";
		};
		FD22EFBC226E21BF001BE27D /* Helpers */ = {
			isa = PBXGroup;
			children = (
			);
			path = Helpers;
			sourceTree = "<group>";
		};
		FD22EFBD226E22D3001BE27D /* Filter */ = {
			isa = PBXGroup;
			children = (
				FD22EFBE226E22EF001BE27D /* FilterViewController.swift */,
				FD22EFBF226E22EF001BE27D /* FilterViewController.xib */,
			);
			path = Filter;
			sourceTree = "<group>";
		};
		FD22EFC2226E2316001BE27D /* Movies */ = {
			isa = PBXGroup;
			children = (
				FD22EFC3226E2331001BE27D /* MoviesViewController.swift */,
				FD22EFC4226E2331001BE27D /* MoviesViewController.xib */,
			);
			path = Movies;
			sourceTree = "<group>";
		};
		FD22EFC7226E2842001BE27D /* Network */ = {
			isa = PBXGroup;
			children = (
				FD22EFC8226E2857001BE27D /* ImdbAPI.swift */,
			);
			path = Network;
			sourceTree = "<group>";
		};
		FD8BF845226E1A4E00EA12D9 = {
			isa = PBXGroup;
			children = (
				FD8BF850226E1A4E00EA12D9 /* ImdbDemo */,
				FD8BF865226E1A5000EA12D9 /* ImdbDemoTests */,
				FD8BF870226E1A5000EA12D9 /* ImdbDemoUITests */,
				FD8BF84F226E1A4E00EA12D9 /* Products */,
				5D4FA671FC7914A49A202EAF /* Pods */,
				C03E1B887E1403A0FF9311C5 /* Frameworks */,
			);
			sourceTree = "<group>";
		};
		FD8BF84F226E1A4E00EA12D9 /* Products */ = {
			isa = PBXGroup;
			children = (
				FD8BF84E226E1A4E00EA12D9 /* ImdbDemo.app */,
				FD8BF862226E1A5000EA12D9 /* ImdbDemoTests.xctest */,
				FD8BF86D226E1A5000EA12D9 /* ImdbDemoUITests.xctest */,
			);
			name = Products;
			sourceTree = "<group>";
		};
		FD8BF850226E1A4E00EA12D9 /* ImdbDemo */ = {
			isa = PBXGroup;
			children = (
				FD22EFB5226E2112001BE27D /* Coordinators */,
				FD22EFB9226E2197001BE27D /* Extensions */,
				FD22EFBC226E21BF001BE27D /* Helpers */,
				FD22EFB8226E2192001BE27D /* Models */,
				FD22EFC7226E2842001BE27D /* Network */,
				FD8BF87F226E1AA600EA12D9 /* Resources */,
				FD22EFBB226E21B9001BE27D /* Scenes */,
				FD22EFBA226E21AC001BE27D /* Views */,
				FD8BF880226E1AB400EA12D9 /* Supporting Files */,
			);
			path = ImdbDemo;
			sourceTree = "<group>";
		};
		FD8BF865226E1A5000EA12D9 /* ImdbDemoTests */ = {
			isa = PBXGroup;
			children = (
				FD8BF866226E1A5000EA12D9 /* ImdbDemoTests.swift */,
				FD8BF868226E1A5000EA12D9 /* Info.plist */,
			);
			path = ImdbDemoTests;
			sourceTree = "<group>";
		};
		FD8BF870226E1A5000EA12D9 /* ImdbDemoUITests */ = {
			isa = PBXGroup;
			children = (
				FD8BF871226E1A5000EA12D9 /* ImdbDemoUITests.swift */,
				FD8BF873226E1A5000EA12D9 /* Info.plist */,
			);
			path = ImdbDemoUITests;
			sourceTree = "<group>";
		};
		FD8BF87F226E1AA600EA12D9 /* Resources */ = {
			isa = PBXGroup;
			children = (
				FD8BF858226E1A5000EA12D9 /* Assets.xcassets */,
			);
			path = Resources;
			sourceTree = "<group>";
		};
		FD8BF880226E1AB400EA12D9 /* Supporting Files */ = {
			isa = PBXGroup;
			children = (
				FD8BF851226E1A4E00EA12D9 /* AppDelegate.swift */,
				FD8BF85A226E1A5000EA12D9 /* LaunchScreen.storyboard */,
				FD8BF85D226E1A5000EA12D9 /* Info.plist */,
			);
			name = "Supporting Files";
			sourceTree = "<group>";
		};
/* End PBXGroup section */

/* Begin PBXNativeTarget section */
		FD8BF84D226E1A4E00EA12D9 /* ImdbDemo */ = {
			isa = PBXNativeTarget;
			buildConfigurationList = FD8BF876226E1A5000EA12D9 /* Build configuration list for PBXNativeTarget "ImdbDemo" */;
			buildPhases = (
				9061FE32C8E377B44C428423 /* [CP] Check Pods Manifest.lock */,
				FD8BF84A226E1A4E00EA12D9 /* Sources */,
				FD8BF84B226E1A4E00EA12D9 /* Frameworks */,
				FD8BF84C226E1A4E00EA12D9 /* Resources */,
				B579C50F1B13BF7EB94DFD14 /* [CP] Embed Pods Frameworks */,
			);
			buildRules = (
			);
			dependencies = (
			);
			name = ImdbDemo;
			productName = ImdbDemo;
			productReference = FD8BF84E226E1A4E00EA12D9 /* ImdbDemo.app */;
			productType = "com.apple.product-type.application";
		};
		FD8BF861226E1A5000EA12D9 /* ImdbDemoTests */ = {
			isa = PBXNativeTarget;
			buildConfigurationList = FD8BF879226E1A5000EA12D9 /* Build configuration list for PBXNativeTarget "ImdbDemoTests" */;
			buildPhases = (
				C10EF9D3C55107F0C2825073 /* [CP] Check Pods Manifest.lock */,
				FD8BF85E226E1A5000EA12D9 /* Sources */,
				FD8BF85F226E1A5000EA12D9 /* Frameworks */,
				FD8BF860226E1A5000EA12D9 /* Resources */,
				E4F4B7F781A4FEF65129A7D3 /* [CP] Embed Pods Frameworks */,
			);
			buildRules = (
			);
			dependencies = (
				FD8BF864226E1A5000EA12D9 /* PBXTargetDependency */,
			);
			name = ImdbDemoTests;
			productName = ImdbDemoTests;
			productReference = FD8BF862226E1A5000EA12D9 /* ImdbDemoTests.xctest */;
			productType = "com.apple.product-type.bundle.unit-test";
		};
		FD8BF86C226E1A5000EA12D9 /* ImdbDemoUITests */ = {
			isa = PBXNativeTarget;
			buildConfigurationList = FD8BF87C226E1A5000EA12D9 /* Build configuration list for PBXNativeTarget "ImdbDemoUITests" */;
			buildPhases = (
				40AC2C7A562EE6AF4FF201B5 /* [CP] Check Pods Manifest.lock */,
				FD8BF869226E1A5000EA12D9 /* Sources */,
				FD8BF86A226E1A5000EA12D9 /* Frameworks */,
				FD8BF86B226E1A5000EA12D9 /* Resources */,
				0BF74E47BE55612A72B5B258 /* [CP] Embed Pods Frameworks */,
			);
			buildRules = (
			);
			dependencies = (
				FD8BF86F226E1A5000EA12D9 /* PBXTargetDependency */,
			);
			name = ImdbDemoUITests;
			productName = ImdbDemoUITests;
			productReference = FD8BF86D226E1A5000EA12D9 /* ImdbDemoUITests.xctest */;
			productType = "com.apple.product-type.bundle.ui-testing";
		};
/* End PBXNativeTarget section */

/* Begin PBXProject section */
		FD8BF846226E1A4E00EA12D9 /* Project object */ = {
			isa = PBXProject;
			attributes = {
				LastSwiftUpdateCheck = 1010;
				LastUpgradeCheck = 1010;
				ORGANIZATIONNAME = "Erdi Tunçalp";
				TargetAttributes = {
					FD8BF84D226E1A4E00EA12D9 = {
						CreatedOnToolsVersion = 10.1;
					};
					FD8BF861226E1A5000EA12D9 = {
						CreatedOnToolsVersion = 10.1;
						TestTargetID = FD8BF84D226E1A4E00EA12D9;
					};
					FD8BF86C226E1A5000EA12D9 = {
						CreatedOnToolsVersion = 10.1;
						TestTargetID = FD8BF84D226E1A4E00EA12D9;
					};
				};
			};
			buildConfigurationList = FD8BF849226E1A4E00EA12D9 /* Build configuration list for PBXProject "ImdbDemo" */;
			compatibilityVersion = "Xcode 9.3";
			developmentRegion = en;
			hasScannedForEncodings = 0;
			knownRegions = (
				en,
				Base,
			);
			mainGroup = FD8BF845226E1A4E00EA12D9;
			productRefGroup = FD8BF84F226E1A4E00EA12D9 /* Products */;
			projectDirPath = "";
			projectRoot = "";
			targets = (
				FD8BF84D226E1A4E00EA12D9 /* ImdbDemo */,
				FD8BF861226E1A5000EA12D9 /* ImdbDemoTests */,
				FD8BF86C226E1A5000EA12D9 /* ImdbDemoUITests */,
			);
		};
/* End PBXProject section */

/* Begin PBXResourcesBuildPhase section */
		FD8BF84C226E1A4E00EA12D9 /* Resources */ = {
			isa = PBXResourcesBuildPhase;
			buildActionMask = 2147483647;
			files = (
				FD8BF85C226E1A5000EA12D9 /* LaunchScreen.storyboard in Resources */,
				FD22EFC1226E22EF001BE27D /* FilterViewController.xib in Resources */,
				FD8BF859226E1A5000EA12D9 /* Assets.xcassets in Resources */,
				FD22EFC6226E2331001BE27D /* MoviesViewController.xib in Resources */,
			);
			runOnlyForDeploymentPostprocessing = 0;
		};
		FD8BF860226E1A5000EA12D9 /* Resources */ = {
			isa = PBXResourcesBuildPhase;
			buildActionMask = 2147483647;
			files = (
			);
			runOnlyForDeploymentPostprocessing = 0;
		};
		FD8BF86B226E1A5000EA12D9 /* Resources */ = {
			isa = PBXResourcesBuildPhase;
			buildActionMask = 2147483647;
			files = (
			);
			runOnlyForDeploymentPostprocessing = 0;
		};
/* End PBXResourcesBuildPhase section */

/* Begin PBXShellScriptBuildPhase section */
		0BF74E47BE55612A72B5B258 /* [CP] Embed Pods Frameworks */ = {
			isa = PBXShellScriptBuildPhase;
			buildActionMask = 2147483647;
			files = (
			);
			inputFileListPaths = (
			);
			inputPaths = (
				"${SRCROOT}/Pods/Target Support Files/Pods-ImdbDemoUITests/Pods-ImdbDemoUITests-frameworks.sh",
				"${BUILT_PRODUCTS_DIR}/Alamofire/Alamofire.framework",
				"${BUILT_PRODUCTS_DIR}/Moya/Moya.framework",
				"${BUILT_PRODUCTS_DIR}/Result/Result.framework",
				"${BUILT_PRODUCTS_DIR}/RxCocoa/RxCocoa.framework",
				"${BUILT_PRODUCTS_DIR}/RxSwift/RxSwift.framework",
				"${BUILT_PRODUCTS_DIR}/Nimble/Nimble.framework",
				"${BUILT_PRODUCTS_DIR}/Quick/Quick.framework",
			);
			name = "[CP] Embed Pods Frameworks";
			outputFileListPaths = (
			);
			outputPaths = (
				"${TARGET_BUILD_DIR}/${FRAMEWORKS_FOLDER_PATH}/Alamofire.framework",
				"${TARGET_BUILD_DIR}/${FRAMEWORKS_FOLDER_PATH}/Moya.framework",
				"${TARGET_BUILD_DIR}/${FRAMEWORKS_FOLDER_PATH}/Result.framework",
				"${TARGET_BUILD_DIR}/${FRAMEWORKS_FOLDER_PATH}/RxCocoa.framework",
				"${TARGET_BUILD_DIR}/${FRAMEWORKS_FOLDER_PATH}/RxSwift.framework",
				"${TARGET_BUILD_DIR}/${FRAMEWORKS_FOLDER_PATH}/Nimble.framework",
				"${TARGET_BUILD_DIR}/${FRAMEWORKS_FOLDER_PATH}/Quick.framework",
			);
			runOnlyForDeploymentPostprocessing = 0;
			shellPath = /bin/sh;
			shellScript = "\"${SRCROOT}/Pods/Target Support Files/Pods-ImdbDemoUITests/Pods-ImdbDemoUITests-frameworks.sh\"\n";
			showEnvVarsInLog = 0;
		};
		40AC2C7A562EE6AF4FF201B5 /* [CP] Check Pods Manifest.lock */ = {
			isa = PBXShellScriptBuildPhase;
			buildActionMask = 2147483647;
			files = (
			);
			inputFileListPaths = (
			);
			inputPaths = (
				"${PODS_PODFILE_DIR_PATH}/Podfile.lock",
				"${PODS_ROOT}/Manifest.lock",
			);
			name = "[CP] Check Pods Manifest.lock";
			outputFileListPaths = (
			);
			outputPaths = (
				"$(DERIVED_FILE_DIR)/Pods-ImdbDemoUITests-checkManifestLockResult.txt",
			);
			runOnlyForDeploymentPostprocessing = 0;
			shellPath = /bin/sh;
			shellScript = "diff \"${PODS_PODFILE_DIR_PATH}/Podfile.lock\" \"${PODS_ROOT}/Manifest.lock\" > /dev/null\nif [ $? != 0 ] ; then\n    # print error to STDERR\n    echo \"error: The sandbox is not in sync with the Podfile.lock. Run 'pod install' or update your CocoaPods installation.\" >&2\n    exit 1\nfi\n# This output is used by Xcode 'outputs' to avoid re-running this script phase.\necho \"SUCCESS\" > \"${SCRIPT_OUTPUT_FILE_0}\"\n";
			showEnvVarsInLog = 0;
		};
		9061FE32C8E377B44C428423 /* [CP] Check Pods Manifest.lock */ = {
			isa = PBXShellScriptBuildPhase;
			buildActionMask = 2147483647;
			files = (
			);
			inputFileListPaths = (
			);
			inputPaths = (
				"${PODS_PODFILE_DIR_PATH}/Podfile.lock",
				"${PODS_ROOT}/Manifest.lock",
			);
			name = "[CP] Check Pods Manifest.lock";
			outputFileListPaths = (
			);
			outputPaths = (
				"$(DERIVED_FILE_DIR)/Pods-ImdbDemo-checkManifestLockResult.txt",
			);
			runOnlyForDeploymentPostprocessing = 0;
			shellPath = /bin/sh;
			shellScript = "diff \"${PODS_PODFILE_DIR_PATH}/Podfile.lock\" \"${PODS_ROOT}/Manifest.lock\" > /dev/null\nif [ $? != 0 ] ; then\n    # print error to STDERR\n    echo \"error: The sandbox is not in sync with the Podfile.lock. Run 'pod install' or update your CocoaPods installation.\" >&2\n    exit 1\nfi\n# This output is used by Xcode 'outputs' to avoid re-running this script phase.\necho \"SUCCESS\" > \"${SCRIPT_OUTPUT_FILE_0}\"\n";
			showEnvVarsInLog = 0;
		};
		B579C50F1B13BF7EB94DFD14 /* [CP] Embed Pods Frameworks */ = {
			isa = PBXShellScriptBuildPhase;
			buildActionMask = 2147483647;
			files = (
			);
			inputFileListPaths = (
			);
			inputPaths = (
				"${SRCROOT}/Pods/Target Support Files/Pods-ImdbDemo/Pods-ImdbDemo-frameworks.sh",
				"${BUILT_PRODUCTS_DIR}/Action/Action.framework",
				"${BUILT_PRODUCTS_DIR}/Alamofire/Alamofire.framework",
				"${BUILT_PRODUCTS_DIR}/Kingfisher/Kingfisher.framework",
				"${BUILT_PRODUCTS_DIR}/Moya/Moya.framework",
				"${BUILT_PRODUCTS_DIR}/ObjcExceptionBridging/ObjcExceptionBridging.framework",
				"${BUILT_PRODUCTS_DIR}/Result/Result.framework",
				"${BUILT_PRODUCTS_DIR}/RxCocoa/RxCocoa.framework",
				"${BUILT_PRODUCTS_DIR}/RxSwift/RxSwift.framework",
				"${BUILT_PRODUCTS_DIR}/XCGLogger/XCGLogger.framework",
				"${BUILT_PRODUCTS_DIR}/XCoordinator/XCoordinator.framework",
			);
			name = "[CP] Embed Pods Frameworks";
			outputFileListPaths = (
			);
			outputPaths = (
				"${TARGET_BUILD_DIR}/${FRAMEWORKS_FOLDER_PATH}/Action.framework",
				"${TARGET_BUILD_DIR}/${FRAMEWORKS_FOLDER_PATH}/Alamofire.framework",
				"${TARGET_BUILD_DIR}/${FRAMEWORKS_FOLDER_PATH}/Kingfisher.framework",
				"${TARGET_BUILD_DIR}/${FRAMEWORKS_FOLDER_PATH}/Moya.framework",
				"${TARGET_BUILD_DIR}/${FRAMEWORKS_FOLDER_PATH}/ObjcExceptionBridging.framework",
				"${TARGET_BUILD_DIR}/${FRAMEWORKS_FOLDER_PATH}/Result.framework",
				"${TARGET_BUILD_DIR}/${FRAMEWORKS_FOLDER_PATH}/RxCocoa.framework",
				"${TARGET_BUILD_DIR}/${FRAMEWORKS_FOLDER_PATH}/RxSwift.framework",
				"${TARGET_BUILD_DIR}/${FRAMEWORKS_FOLDER_PATH}/XCGLogger.framework",
				"${TARGET_BUILD_DIR}/${FRAMEWORKS_FOLDER_PATH}/XCoordinator.framework",
			);
			runOnlyForDeploymentPostprocessing = 0;
			shellPath = /bin/sh;
			shellScript = "\"${SRCROOT}/Pods/Target Support Files/Pods-ImdbDemo/Pods-ImdbDemo-frameworks.sh\"\n";
			showEnvVarsInLog = 0;
		};
		C10EF9D3C55107F0C2825073 /* [CP] Check Pods Manifest.lock */ = {
			isa = PBXShellScriptBuildPhase;
			buildActionMask = 2147483647;
			files = (
			);
			inputFileListPaths = (
			);
			inputPaths = (
				"${PODS_PODFILE_DIR_PATH}/Podfile.lock",
				"${PODS_ROOT}/Manifest.lock",
			);
			name = "[CP] Check Pods Manifest.lock";
			outputFileListPaths = (
			);
			outputPaths = (
				"$(DERIVED_FILE_DIR)/Pods-ImdbDemoTests-checkManifestLockResult.txt",
			);
			runOnlyForDeploymentPostprocessing = 0;
			shellPath = /bin/sh;
			shellScript = "diff \"${PODS_PODFILE_DIR_PATH}/Podfile.lock\" \"${PODS_ROOT}/Manifest.lock\" > /dev/null\nif [ $? != 0 ] ; then\n    # print error to STDERR\n    echo \"error: The sandbox is not in sync with the Podfile.lock. Run 'pod install' or update your CocoaPods installation.\" >&2\n    exit 1\nfi\n# This output is used by Xcode 'outputs' to avoid re-running this script phase.\necho \"SUCCESS\" > \"${SCRIPT_OUTPUT_FILE_0}\"\n";
			showEnvVarsInLog = 0;
		};
		E4F4B7F781A4FEF65129A7D3 /* [CP] Embed Pods Frameworks */ = {
			isa = PBXShellScriptBuildPhase;
			buildActionMask = 2147483647;
			files = (
			);
			inputFileListPaths = (
			);
			inputPaths = (
				"${SRCROOT}/Pods/Target Support Files/Pods-ImdbDemoTests/Pods-ImdbDemoTests-frameworks.sh",
				"${BUILT_PRODUCTS_DIR}/Alamofire/Alamofire.framework",
				"${BUILT_PRODUCTS_DIR}/Moya/Moya.framework",
				"${BUILT_PRODUCTS_DIR}/Result/Result.framework",
				"${BUILT_PRODUCTS_DIR}/RxCocoa/RxCocoa.framework",
				"${BUILT_PRODUCTS_DIR}/RxSwift/RxSwift.framework",
				"${BUILT_PRODUCTS_DIR}/Nimble/Nimble.framework",
				"${BUILT_PRODUCTS_DIR}/Quick/Quick.framework",
			);
			name = "[CP] Embed Pods Frameworks";
			outputFileListPaths = (
			);
			outputPaths = (
				"${TARGET_BUILD_DIR}/${FRAMEWORKS_FOLDER_PATH}/Alamofire.framework",
				"${TARGET_BUILD_DIR}/${FRAMEWORKS_FOLDER_PATH}/Moya.framework",
				"${TARGET_BUILD_DIR}/${FRAMEWORKS_FOLDER_PATH}/Result.framework",
				"${TARGET_BUILD_DIR}/${FRAMEWORKS_FOLDER_PATH}/RxCocoa.framework",
				"${TARGET_BUILD_DIR}/${FRAMEWORKS_FOLDER_PATH}/RxSwift.framework",
				"${TARGET_BUILD_DIR}/${FRAMEWORKS_FOLDER_PATH}/Nimble.framework",
				"${TARGET_BUILD_DIR}/${FRAMEWORKS_FOLDER_PATH}/Quick.framework",
			);
			runOnlyForDeploymentPostprocessing = 0;
			shellPath = /bin/sh;
			shellScript = "\"${SRCROOT}/Pods/Target Support Files/Pods-ImdbDemoTests/Pods-ImdbDemoTests-frameworks.sh\"\n";
			showEnvVarsInLog = 0;
		};
/* End PBXShellScriptBuildPhase section */

/* Begin PBXSourcesBuildPhase section */
		FD8BF84A226E1A4E00EA12D9 /* Sources */ = {
			isa = PBXSourcesBuildPhase;
			buildActionMask = 2147483647;
			files = (
				FD22EFC0226E22EF001BE27D /* FilterViewController.swift in Sources */,
				FD22EFB7226E211E001BE27D /* AppCoordinator.swift in Sources */,
				FD22EFC9226E2857001BE27D /* ImdbAPI.swift in Sources */,
				FD8BF852226E1A4E00EA12D9 /* AppDelegate.swift in Sources */,
				FD22EFC5226E2331001BE27D /* MoviesViewController.swift in Sources */,
			);
			runOnlyForDeploymentPostprocessing = 0;
		};
		FD8BF85E226E1A5000EA12D9 /* Sources */ = {
			isa = PBXSourcesBuildPhase;
			buildActionMask = 2147483647;
			files = (
				FD8BF867226E1A5000EA12D9 /* ImdbDemoTests.swift in Sources */,
			);
			runOnlyForDeploymentPostprocessing = 0;
		};
		FD8BF869226E1A5000EA12D9 /* Sources */ = {
			isa = PBXSourcesBuildPhase;
			buildActionMask = 2147483647;
			files = (
				FD8BF872226E1A5000EA12D9 /* ImdbDemoUITests.swift in Sources */,
			);
			runOnlyForDeploymentPostprocessing = 0;
		};
/* End PBXSourcesBuildPhase section */

/* Begin PBXTargetDependency section */
		FD8BF864226E1A5000EA12D9 /* PBXTargetDependency */ = {
			isa = PBXTargetDependency;
			target = FD8BF84D226E1A4E00EA12D9 /* ImdbDemo */;
			targetProxy = FD8BF863226E1A5000EA12D9 /* PBXContainerItemProxy */;
		};
		FD8BF86F226E1A5000EA12D9 /* PBXTargetDependency */ = {
			isa = PBXTargetDependency;
			target = FD8BF84D226E1A4E00EA12D9 /* ImdbDemo */;
			targetProxy = FD8BF86E226E1A5000EA12D9 /* PBXContainerItemProxy */;
		};
/* End PBXTargetDependency section */

/* Begin PBXVariantGroup section */
		FD8BF85A226E1A5000EA12D9 /* LaunchScreen.storyboard */ = {
			isa = PBXVariantGroup;
			children = (
				FD8BF85B226E1A5000EA12D9 /* Base */,
			);
			name = LaunchScreen.storyboard;
			sourceTree = "<group>";
		};
/* End PBXVariantGroup section */

/* Begin XCBuildConfiguration section */
		FD8BF874226E1A5000EA12D9 /* Debug */ = {
			isa = XCBuildConfiguration;
			buildSettings = {
				ALWAYS_SEARCH_USER_PATHS = NO;
				CLANG_ANALYZER_NONNULL = YES;
				CLANG_ANALYZER_NUMBER_OBJECT_CONVERSION = YES_AGGRESSIVE;
				CLANG_CXX_LANGUAGE_STANDARD = "gnu++14";
				CLANG_CXX_LIBRARY = "libc++";
				CLANG_ENABLE_MODULES = YES;
				CLANG_ENABLE_OBJC_ARC = YES;
				CLANG_ENABLE_OBJC_WEAK = YES;
				CLANG_WARN_BLOCK_CAPTURE_AUTORELEASING = YES;
				CLANG_WARN_BOOL_CONVERSION = YES;
				CLANG_WARN_COMMA = YES;
				CLANG_WARN_CONSTANT_CONVERSION = YES;
				CLANG_WARN_DEPRECATED_OBJC_IMPLEMENTATIONS = YES;
				CLANG_WARN_DIRECT_OBJC_ISA_USAGE = YES_ERROR;
				CLANG_WARN_DOCUMENTATION_COMMENTS = YES;
				CLANG_WARN_EMPTY_BODY = YES;
				CLANG_WARN_ENUM_CONVERSION = YES;
				CLANG_WARN_INFINITE_RECURSION = YES;
				CLANG_WARN_INT_CONVERSION = YES;
				CLANG_WARN_NON_LITERAL_NULL_CONVERSION = YES;
				CLANG_WARN_OBJC_IMPLICIT_RETAIN_SELF = YES;
				CLANG_WARN_OBJC_LITERAL_CONVERSION = YES;
				CLANG_WARN_OBJC_ROOT_CLASS = YES_ERROR;
				CLANG_WARN_RANGE_LOOP_ANALYSIS = YES;
				CLANG_WARN_STRICT_PROTOTYPES = YES;
				CLANG_WARN_SUSPICIOUS_MOVE = YES;
				CLANG_WARN_UNGUARDED_AVAILABILITY = YES_AGGRESSIVE;
				CLANG_WARN_UNREACHABLE_CODE = YES;
				CLANG_WARN__DUPLICATE_METHOD_MATCH = YES;
				CODE_SIGN_IDENTITY = "iPhone Developer";
				COPY_PHASE_STRIP = NO;
				DEBUG_INFORMATION_FORMAT = dwarf;
				ENABLE_STRICT_OBJC_MSGSEND = YES;
				ENABLE_TESTABILITY = YES;
				GCC_C_LANGUAGE_STANDARD = gnu11;
				GCC_DYNAMIC_NO_PIC = NO;
				GCC_NO_COMMON_BLOCKS = YES;
				GCC_OPTIMIZATION_LEVEL = 0;
				GCC_PREPROCESSOR_DEFINITIONS = (
					"DEBUG=1",
					"$(inherited)",
				);
				GCC_WARN_64_TO_32_BIT_CONVERSION = YES;
				GCC_WARN_ABOUT_RETURN_TYPE = YES_ERROR;
				GCC_WARN_UNDECLARED_SELECTOR = YES;
				GCC_WARN_UNINITIALIZED_AUTOS = YES_AGGRESSIVE;
				GCC_WARN_UNUSED_FUNCTION = YES;
				GCC_WARN_UNUSED_VARIABLE = YES;
				IPHONEOS_DEPLOYMENT_TARGET = 9.0;
				MTL_ENABLE_DEBUG_INFO = INCLUDE_SOURCE;
				MTL_FAST_MATH = YES;
				ONLY_ACTIVE_ARCH = YES;
				SDKROOT = iphoneos;
				SWIFT_ACTIVE_COMPILATION_CONDITIONS = DEBUG;
				SWIFT_OPTIMIZATION_LEVEL = "-Onone";
			};
			name = Debug;
		};
		FD8BF875226E1A5000EA12D9 /* Release */ = {
			isa = XCBuildConfiguration;
			buildSettings = {
				ALWAYS_SEARCH_USER_PATHS = NO;
				CLANG_ANALYZER_NONNULL = YES;
				CLANG_ANALYZER_NUMBER_OBJECT_CONVERSION = YES_AGGRESSIVE;
				CLANG_CXX_LANGUAGE_STANDARD = "gnu++14";
				CLANG_CXX_LIBRARY = "libc++";
				CLANG_ENABLE_MODULES = YES;
				CLANG_ENABLE_OBJC_ARC = YES;
				CLANG_ENABLE_OBJC_WEAK = YES;
				CLANG_WARN_BLOCK_CAPTURE_AUTORELEASING = YES;
				CLANG_WARN_BOOL_CONVERSION = YES;
				CLANG_WARN_COMMA = YES;
				CLANG_WARN_CONSTANT_CONVERSION = YES;
				CLANG_WARN_DEPRECATED_OBJC_IMPLEMENTATIONS = YES;
				CLANG_WARN_DIRECT_OBJC_ISA_USAGE = YES_ERROR;
				CLANG_WARN_DOCUMENTATION_COMMENTS = YES;
				CLANG_WARN_EMPTY_BODY = YES;
				CLANG_WARN_ENUM_CONVERSION = YES;
				CLANG_WARN_INFINITE_RECURSION = YES;
				CLANG_WARN_INT_CONVERSION = YES;
				CLANG_WARN_NON_LITERAL_NULL_CONVERSION = YES;
				CLANG_WARN_OBJC_IMPLICIT_RETAIN_SELF = YES;
				CLANG_WARN_OBJC_LITERAL_CONVERSION = YES;
				CLANG_WARN_OBJC_ROOT_CLASS = YES_ERROR;
				CLANG_WARN_RANGE_LOOP_ANALYSIS = YES;
				CLANG_WARN_STRICT_PROTOTYPES = YES;
				CLANG_WARN_SUSPICIOUS_MOVE = YES;
				CLANG_WARN_UNGUARDED_AVAILABILITY = YES_AGGRESSIVE;
				CLANG_WARN_UNREACHABLE_CODE = YES;
				CLANG_WARN__DUPLICATE_METHOD_MATCH = YES;
				CODE_SIGN_IDENTITY = "iPhone Developer";
				COPY_PHASE_STRIP = NO;
				DEBUG_INFORMATION_FORMAT = "dwarf-with-dsym";
				ENABLE_NS_ASSERTIONS = NO;
				ENABLE_STRICT_OBJC_MSGSEND = YES;
				GCC_C_LANGUAGE_STANDARD = gnu11;
				GCC_NO_COMMON_BLOCKS = YES;
				GCC_WARN_64_TO_32_BIT_CONVERSION = YES;
				GCC_WARN_ABOUT_RETURN_TYPE = YES_ERROR;
				GCC_WARN_UNDECLARED_SELECTOR = YES;
				GCC_WARN_UNINITIALIZED_AUTOS = YES_AGGRESSIVE;
				GCC_WARN_UNUSED_FUNCTION = YES;
				GCC_WARN_UNUSED_VARIABLE = YES;
				IPHONEOS_DEPLOYMENT_TARGET = 9.0;
				MTL_ENABLE_DEBUG_INFO = NO;
				MTL_FAST_MATH = YES;
				SDKROOT = iphoneos;
				SWIFT_COMPILATION_MODE = wholemodule;
				SWIFT_OPTIMIZATION_LEVEL = "-O";
				VALIDATE_PRODUCT = YES;
			};
			name = Release;
		};
		FD8BF877226E1A5000EA12D9 /* Debug */ = {
			isa = XCBuildConfiguration;
			baseConfigurationReference = 4D6C02BF9864D377CD2E32A0 /* Pods-ImdbDemo.debug.xcconfig */;
			buildSettings = {
				ASSETCATALOG_COMPILER_APPICON_NAME = AppIcon;
				CODE_SIGN_STYLE = Automatic;
				INFOPLIST_FILE = ImdbDemo/Info.plist;
				LD_RUNPATH_SEARCH_PATHS = (
					"$(inherited)",
					"@executable_path/Frameworks",
				);
				PRODUCT_BUNDLE_IDENTIFIER = com.etnclp.imdbdemo;
				PRODUCT_NAME = "$(TARGET_NAME)";
				SWIFT_VERSION = 4.2;
				TARGETED_DEVICE_FAMILY = "1,2";
			};
			name = Debug;
		};
		FD8BF878226E1A5000EA12D9 /* Release */ = {
			isa = XCBuildConfiguration;
			baseConfigurationReference = 603328D152DDD709532C5F32 /* Pods-ImdbDemo.release.xcconfig */;
			buildSettings = {
				ASSETCATALOG_COMPILER_APPICON_NAME = AppIcon;
				CODE_SIGN_STYLE = Automatic;
				INFOPLIST_FILE = ImdbDemo/Info.plist;
				LD_RUNPATH_SEARCH_PATHS = (
					"$(inherited)",
					"@executable_path/Frameworks",
				);
				PRODUCT_BUNDLE_IDENTIFIER = com.etnclp.imdbdemo;
				PRODUCT_NAME = "$(TARGET_NAME)";
				SWIFT_VERSION = 4.2;
				TARGETED_DEVICE_FAMILY = "1,2";
			};
			name = Release;
		};
		FD8BF87A226E1A5000EA12D9 /* Debug */ = {
			isa = XCBuildConfiguration;
			baseConfigurationReference = C89E9D99D2F0033B1898BA81 /* Pods-ImdbDemoTests.debug.xcconfig */;
			buildSettings = {
				ALWAYS_EMBED_SWIFT_STANDARD_LIBRARIES = "$(inherited)";
				BUNDLE_LOADER = "$(TEST_HOST)";
				CODE_SIGN_STYLE = Automatic;
				INFOPLIST_FILE = ImdbDemoTests/Info.plist;
				LD_RUNPATH_SEARCH_PATHS = (
					"$(inherited)",
					"@executable_path/Frameworks",
					"@loader_path/Frameworks",
				);
				PRODUCT_BUNDLE_IDENTIFIER = com.etnclp.ImdbDemoTests;
				PRODUCT_NAME = "$(TARGET_NAME)";
				SWIFT_VERSION = 4.2;
				TARGETED_DEVICE_FAMILY = "1,2";
				TEST_HOST = "$(BUILT_PRODUCTS_DIR)/ImdbDemo.app/ImdbDemo";
			};
			name = Debug;
		};
		FD8BF87B226E1A5000EA12D9 /* Release */ = {
			isa = XCBuildConfiguration;
			baseConfigurationReference = D27FA5E9848D3BB9D4DC1AAA /* Pods-ImdbDemoTests.release.xcconfig */;
			buildSettings = {
				ALWAYS_EMBED_SWIFT_STANDARD_LIBRARIES = "$(inherited)";
				BUNDLE_LOADER = "$(TEST_HOST)";
				CODE_SIGN_STYLE = Automatic;
				INFOPLIST_FILE = ImdbDemoTests/Info.plist;
				LD_RUNPATH_SEARCH_PATHS = (
					"$(inherited)",
					"@executable_path/Frameworks",
					"@loader_path/Frameworks",
				);
				PRODUCT_BUNDLE_IDENTIFIER = com.etnclp.ImdbDemoTests;
				PRODUCT_NAME = "$(TARGET_NAME)";
				SWIFT_VERSION = 4.2;
				TARGETED_DEVICE_FAMILY = "1,2";
				TEST_HOST = "$(BUILT_PRODUCTS_DIR)/ImdbDemo.app/ImdbDemo";
			};
			name = Release;
		};
		FD8BF87D226E1A5000EA12D9 /* Debug */ = {
			isa = XCBuildConfiguration;
			baseConfigurationReference = 8C9C6F03844144C47CE794C8 /* Pods-ImdbDemoUITests.debug.xcconfig */;
			buildSettings = {
				ALWAYS_EMBED_SWIFT_STANDARD_LIBRARIES = "$(inherited)";
				CODE_SIGN_STYLE = Automatic;
				INFOPLIST_FILE = ImdbDemoUITests/Info.plist;
				LD_RUNPATH_SEARCH_PATHS = (
					"$(inherited)",
					"@executable_path/Frameworks",
					"@loader_path/Frameworks",
				);
				PRODUCT_BUNDLE_IDENTIFIER = com.etnclp.ImdbDemoUITests;
				PRODUCT_NAME = "$(TARGET_NAME)";
				SWIFT_VERSION = 4.2;
				TARGETED_DEVICE_FAMILY = "1,2";
				TEST_TARGET_NAME = ImdbDemo;
			};
			name = Debug;
		};
		FD8BF87E226E1A5000EA12D9 /* Release */ = {
			isa = XCBuildConfiguration;
			baseConfigurationReference = 9B431CC4F9ED0E674BDDF503 /* Pods-ImdbDemoUITests.release.xcconfig */;
			buildSettings = {
				ALWAYS_EMBED_SWIFT_STANDARD_LIBRARIES = "$(inherited)";
				CODE_SIGN_STYLE = Automatic;
				INFOPLIST_FILE = ImdbDemoUITests/Info.plist;
				LD_RUNPATH_SEARCH_PATHS = (
					"$(inherited)",
					"@executable_path/Frameworks",
					"@loader_path/Frameworks",
				);
				PRODUCT_BUNDLE_IDENTIFIER = com.etnclp.ImdbDemoUITests;
				PRODUCT_NAME = "$(TARGET_NAME)";
				SWIFT_VERSION = 4.2;
				TARGETED_DEVICE_FAMILY = "1,2";
				TEST_TARGET_NAME = ImdbDemo;
			};
			name = Release;
		};
/* End XCBuildConfiguration section */

/* Begin XCConfigurationList section */
		FD8BF849226E1A4E00EA12D9 /* Build configuration list for PBXProject "ImdbDemo" */ = {
			isa = XCConfigurationList;
			buildConfigurations = (
				FD8BF874226E1A5000EA12D9 /* Debug */,
				FD8BF875226E1A5000EA12D9 /* Release */,
			);
			defaultConfigurationIsVisible = 0;
			defaultConfigurationName = Release;
		};
		FD8BF876226E1A5000EA12D9 /* Build configuration list for PBXNativeTarget "ImdbDemo" */ = {
			isa = XCConfigurationList;
			buildConfigurations = (
				FD8BF877226E1A5000EA12D9 /* Debug */,
				FD8BF878226E1A5000EA12D9 /* Release */,
			);
			defaultConfigurationIsVisible = 0;
			defaultConfigurationName = Release;
		};
		FD8BF879226E1A5000EA12D9 /* Build configuration list for PBXNativeTarget "ImdbDemoTests" */ = {
			isa = XCConfigurationList;
			buildConfigurations = (
				FD8BF87A226E1A5000EA12D9 /* Debug */,
				FD8BF87B226E1A5000EA12D9 /* Release */,
			);
			defaultConfigurationIsVisible = 0;
			defaultConfigurationName = Release;
		};
		FD8BF87C226E1A5000EA12D9 /* Build configuration list for PBXNativeTarget "ImdbDemoUITests" */ = {
			isa = XCConfigurationList;
			buildConfigurations = (
				FD8BF87D226E1A5000EA12D9 /* Debug */,
				FD8BF87E226E1A5000EA12D9 /* Release */,
			);
			defaultConfigurationIsVisible = 0;
			defaultConfigurationName = Release;
		};
/* End XCConfigurationList section */
	};
	rootObject = FD8BF846226E1A4E00EA12D9 /* Project object */;
}
